
Microsoft Visual Studio Solution File, Format Version 12.00
# Visual Studio 14
VisualStudioVersion = 14.0.25420.1
MinimumVisualStudioVersion = 10.0.40219.1
Project("{FAE04EC0-301F-11D3-BF4B-00C04F79EFBC}") = "01.MythicalNumbers", "01.MythicalNumbers\01.MythicalNumbers.csproj", "{5918FB3A-611E-432E-BE5A-05AAD7E2D5F8}"
EndProject
Project("{FAE04EC0-301F-11D3-BF4B-00C04F79EFBC}") = "02.JumpJump", "02.JumpJump\02.JumpJump.csproj", "{81FEC610-3784-4DE3-8B5C-9130CBDF1D42}"
EndProject
Project("{FAE04EC0-301F-11D3-BF4B-00C04F79EFBC}") = "03.HiddenMessage", "03.HiddenMessage\03.HiddenMessage.csproj", "{BD373A47-9970-4E01-864C-3446AF49B05C}"
EndProject
Project("{FAE04EC0-301F-11D3-BF4B-00C04F79EFBC}") = "04.MixingNumbers", "04.MixingNumbers\04.MixingNumbers.csproj", "{96EB35EB-3774-404A-A8F1-AEC82EA44AA1}"
EndProject
Global
	GlobalSection(SolutionConfigurationPlatforms) = preSolution
		Debug|Any CPU = Debug|Any CPU
		Release|Any CPU = Release|Any CPU
	EndGlobalSection
	GlobalSection(ProjectConfigurationPlatforms) = postSolution
		{5918FB3A-611E-432E-BE5A-05AAD7E2D5F8}.Debug|Any CPU.ActiveCfg = Debug|Any CPU
		{5918FB3A-611E-432E-BE5A-05AAD7E2D5F8}.Debug|Any CPU.Build.0 = Debug|Any CPU
		{5918FB3A-611E-432E-BE5A-05AAD7E2D5F8}.Release|Any CPU.ActiveCfg = Release|Any CPU
		{5918FB3A-611E-432E-BE5A-05AAD7E2D5F8}.Release|Any CPU.Build.0 = Release|Any CPU
		{81FEC610-3784-4DE3-8B5C-9130CBDF1D42}.Debug|Any CPU.ActiveCfg = Debug|Any CPU
		{81FEC610-3784-4DE3-8B5C-9130CBDF1D42}.Debug|Any CPU.Build.0 = Debug|Any CPU
		{81FEC610-3784-4DE3-8B5C-9130CBDF1D42}.Release|Any CPU.ActiveCfg = Release|Any CPU
		{81FEC610-3784-4DE3-8B5C-9130CBDF1D42}.Release|Any CPU.Build.0 = Release|Any CPU
		{BD373A47-9970-4E01-864C-3446AF49B05C}.Debug|Any CPU.ActiveCfg = Debug|Any CPU
		{BD373A47-9970-4E01-864C-3446AF49B05C}.Debug|Any CPU.Build.0 = Debug|Any CPU
		{BD373A47-9970-4E01-864C-3446AF49B05C}.Release|Any CPU.ActiveCfg = Release|Any CPU
		{BD373A47-9970-4E01-864C-3446AF49B05C}.Release|Any CPU.Build.0 = Release|Any CPU
		{96EB35EB-3774-404A-A8F1-AEC82EA44AA1}.Debug|Any CPU.ActiveCfg = Debug|Any CPU
		{96EB35EB-3774-404A-A8F1-AEC82EA44AA1}.Debug|Any CPU.Build.0 = Debug|Any CPU
		{96EB35EB-3774-404A-A8F1-AEC82EA44AA1}.Release|Any CPU.ActiveCfg = Release|Any CPU
		{96EB35EB-3774-404A-A8F1-AEC82EA44AA1}.Release|Any CPU.Build.0 = Release|Any CPU
	EndGlobalSection
	GlobalSection(SolutionProperties) = preSolution
		HideSolutionNode = FALSE
	EndGlobalSection
EndGlobal
