
Microsoft Visual Studio Solution File, Format Version 12.00
# Visual Studio 14
VisualStudioVersion = 14.0.25420.1
MinimumVisualStudioVersion = 10.0.40219.1
Project("{FAE04EC0-301F-11D3-BF4B-00C04F79EFBC}") = "01.Class Size", "01.Class Size\01.Class Size.csproj", "{329B5552-A380-4812-8D5E-B6189CD0E8A2}"
EndProject
Project("{FAE04EC0-301F-11D3-BF4B-00C04F79EFBC}") = "02.Method Print Statistics", "02.MethodPrint Statistics\02.Method Print Statistics.csproj", "{6349EEED-3870-4DDE-A7A4-8D272E45BE87}"
EndProject
Global
	GlobalSection(SolutionConfigurationPlatforms) = preSolution
		Debug|Any CPU = Debug|Any CPU
		Release|Any CPU = Release|Any CPU
	EndGlobalSection
	GlobalSection(ProjectConfigurationPlatforms) = postSolution
		{329B5552-A380-4812-8D5E-B6189CD0E8A2}.Debug|Any CPU.ActiveCfg = Debug|Any CPU
		{329B5552-A380-4812-8D5E-B6189CD0E8A2}.Debug|Any CPU.Build.0 = Debug|Any CPU
		{329B5552-A380-4812-8D5E-B6189CD0E8A2}.Release|Any CPU.ActiveCfg = Release|Any CPU
		{329B5552-A380-4812-8D5E-B6189CD0E8A2}.Release|Any CPU.Build.0 = Release|Any CPU
		{6349EEED-3870-4DDE-A7A4-8D272E45BE87}.Debug|Any CPU.ActiveCfg = Debug|Any CPU
		{6349EEED-3870-4DDE-A7A4-8D272E45BE87}.Debug|Any CPU.Build.0 = Debug|Any CPU
		{6349EEED-3870-4DDE-A7A4-8D272E45BE87}.Release|Any CPU.ActiveCfg = Release|Any CPU
		{6349EEED-3870-4DDE-A7A4-8D272E45BE87}.Release|Any CPU.Build.0 = Release|Any CPU
	EndGlobalSection
	GlobalSection(SolutionProperties) = preSolution
		HideSolutionNode = FALSE
	EndGlobalSection
EndGlobal
