
Microsoft Visual Studio Solution File, Format Version 12.00
# Visual Studio 14
VisualStudioVersion = 14.0.25420.1
MinimumVisualStudioVersion = 10.0.40219.1
Project("{FAE04EC0-301F-11D3-BF4B-00C04F79EFBC}") = "01.LeapYear", "01.LeapYear\01.LeapYear.csproj", "{9E3CB4D8-28B3-4558-8E35-79D0900261D2}"
EndProject
Project("{FAE04EC0-301F-11D3-BF4B-00C04F79EFBC}") = "02.RandomNumbers", "02.RandomNumbers\02.RandomNumbers.csproj", "{B3198BB7-A694-4D23-9DB5-EADA3A834A07}"
EndProject
Project("{FAE04EC0-301F-11D3-BF4B-00C04F79EFBC}") = "03.DayOfWeek", "03.DayOfWeek\03.DayOfWeek.csproj", "{0E87E789-0794-4C22-B40A-57924019F7D3}"
EndProject
Project("{FAE04EC0-301F-11D3-BF4B-00C04F79EFBC}") = "04.TriangleSurfaceSideAltitude", "04.TriangleSurfaceSideHeight\04.TriangleSurfaceSideAltitude.csproj", "{A155582F-DAAC-45E6-8E7B-AF3215C1E800}"
EndProject
Project("{FAE04EC0-301F-11D3-BF4B-00C04F79EFBC}") = "05.TriangleSurfaceThreeSides", "05.TriangleSurfaceThreeSides\05.TriangleSurfaceThreeSides.csproj", "{658152D4-21CD-4215-AD96-634E35E0248F}"
EndProject
Project("{FAE04EC0-301F-11D3-BF4B-00C04F79EFBC}") = "06.TriangleSurfaceSidesAngle", "06.TriangleSurfaceSidesAngle\06.TriangleSurfaceSidesAngle.csproj", "{2E198D9E-9004-42D5-A6CB-DD785E9D69A8}"
EndProject
Project("{FAE04EC0-301F-11D3-BF4B-00C04F79EFBC}") = "07.Workdays", "07.Workdays\07.Workdays.csproj", "{E9228093-B735-4775-BBB9-1A46B6D11BFB}"
EndProject
Project("{FAE04EC0-301F-11D3-BF4B-00C04F79EFBC}") = "08.SumIntegers", "08.SumIntegers\08.SumIntegers.csproj", "{304C6E75-C075-40E0-8229-96C292E21C15}"
EndProject
Project("{FAE04EC0-301F-11D3-BF4B-00C04F79EFBC}") = "09.ArithmeticalExpressions", "09.ArithmeticalExpressions\09.ArithmeticalExpressions.csproj", "{AC58D56B-0C40-449D-B121-3AB1C4478D19}"
EndProject
Global
	GlobalSection(SolutionConfigurationPlatforms) = preSolution
		Debug|Any CPU = Debug|Any CPU
		Release|Any CPU = Release|Any CPU
	EndGlobalSection
	GlobalSection(ProjectConfigurationPlatforms) = postSolution
		{9E3CB4D8-28B3-4558-8E35-79D0900261D2}.Debug|Any CPU.ActiveCfg = Debug|Any CPU
		{9E3CB4D8-28B3-4558-8E35-79D0900261D2}.Debug|Any CPU.Build.0 = Debug|Any CPU
		{9E3CB4D8-28B3-4558-8E35-79D0900261D2}.Release|Any CPU.ActiveCfg = Release|Any CPU
		{9E3CB4D8-28B3-4558-8E35-79D0900261D2}.Release|Any CPU.Build.0 = Release|Any CPU
		{B3198BB7-A694-4D23-9DB5-EADA3A834A07}.Debug|Any CPU.ActiveCfg = Debug|Any CPU
		{B3198BB7-A694-4D23-9DB5-EADA3A834A07}.Debug|Any CPU.Build.0 = Debug|Any CPU
		{B3198BB7-A694-4D23-9DB5-EADA3A834A07}.Release|Any CPU.ActiveCfg = Release|Any CPU
		{B3198BB7-A694-4D23-9DB5-EADA3A834A07}.Release|Any CPU.Build.0 = Release|Any CPU
		{0E87E789-0794-4C22-B40A-57924019F7D3}.Debug|Any CPU.ActiveCfg = Debug|Any CPU
		{0E87E789-0794-4C22-B40A-57924019F7D3}.Debug|Any CPU.Build.0 = Debug|Any CPU
		{0E87E789-0794-4C22-B40A-57924019F7D3}.Release|Any CPU.ActiveCfg = Release|Any CPU
		{0E87E789-0794-4C22-B40A-57924019F7D3}.Release|Any CPU.Build.0 = Release|Any CPU
		{A155582F-DAAC-45E6-8E7B-AF3215C1E800}.Debug|Any CPU.ActiveCfg = Debug|Any CPU
		{A155582F-DAAC-45E6-8E7B-AF3215C1E800}.Debug|Any CPU.Build.0 = Debug|Any CPU
		{A155582F-DAAC-45E6-8E7B-AF3215C1E800}.Release|Any CPU.ActiveCfg = Release|Any CPU
		{A155582F-DAAC-45E6-8E7B-AF3215C1E800}.Release|Any CPU.Build.0 = Release|Any CPU
		{658152D4-21CD-4215-AD96-634E35E0248F}.Debug|Any CPU.ActiveCfg = Debug|Any CPU
		{658152D4-21CD-4215-AD96-634E35E0248F}.Debug|Any CPU.Build.0 = Debug|Any CPU
		{658152D4-21CD-4215-AD96-634E35E0248F}.Release|Any CPU.ActiveCfg = Release|Any CPU
		{658152D4-21CD-4215-AD96-634E35E0248F}.Release|Any CPU.Build.0 = Release|Any CPU
		{2E198D9E-9004-42D5-A6CB-DD785E9D69A8}.Debug|Any CPU.ActiveCfg = Debug|Any CPU
		{2E198D9E-9004-42D5-A6CB-DD785E9D69A8}.Debug|Any CPU.Build.0 = Debug|Any CPU
		{2E198D9E-9004-42D5-A6CB-DD785E9D69A8}.Release|Any CPU.ActiveCfg = Release|Any CPU
		{2E198D9E-9004-42D5-A6CB-DD785E9D69A8}.Release|Any CPU.Build.0 = Release|Any CPU
		{E9228093-B735-4775-BBB9-1A46B6D11BFB}.Debug|Any CPU.ActiveCfg = Debug|Any CPU
		{E9228093-B735-4775-BBB9-1A46B6D11BFB}.Debug|Any CPU.Build.0 = Debug|Any CPU
		{E9228093-B735-4775-BBB9-1A46B6D11BFB}.Release|Any CPU.ActiveCfg = Release|Any CPU
		{E9228093-B735-4775-BBB9-1A46B6D11BFB}.Release|Any CPU.Build.0 = Release|Any CPU
		{304C6E75-C075-40E0-8229-96C292E21C15}.Debug|Any CPU.ActiveCfg = Debug|Any CPU
		{304C6E75-C075-40E0-8229-96C292E21C15}.Debug|Any CPU.Build.0 = Debug|Any CPU
		{304C6E75-C075-40E0-8229-96C292E21C15}.Release|Any CPU.ActiveCfg = Release|Any CPU
		{304C6E75-C075-40E0-8229-96C292E21C15}.Release|Any CPU.Build.0 = Release|Any CPU
		{AC58D56B-0C40-449D-B121-3AB1C4478D19}.Debug|Any CPU.ActiveCfg = Debug|Any CPU
		{AC58D56B-0C40-449D-B121-3AB1C4478D19}.Debug|Any CPU.Build.0 = Debug|Any CPU
		{AC58D56B-0C40-449D-B121-3AB1C4478D19}.Release|Any CPU.ActiveCfg = Release|Any CPU
		{AC58D56B-0C40-449D-B121-3AB1C4478D19}.Release|Any CPU.Build.0 = Release|Any CPU
	EndGlobalSection
	GlobalSection(SolutionProperties) = preSolution
		HideSolutionNode = FALSE
	EndGlobalSection
EndGlobal
