
Microsoft Visual Studio Solution File, Format Version 12.00
# Visual Studio 14
VisualStudioVersion = 14.0.25420.1
MinimumVisualStudioVersion = 10.0.40219.1
Project("{FAE04EC0-301F-11D3-BF4B-00C04F79EFBC}") = "01.Structure", "01.Structure\01.Structure.csproj", "{C612D3C1-EA0D-4AF7-8776-EE4134CEB31C}"
EndProject
Project("{FAE04EC0-301F-11D3-BF4B-00C04F79EFBC}") = "02.StaticReadOnlyField", "02.StaticReadOnlyField\02.StaticReadOnlyField.csproj", "{A5D3221C-2EFB-469C-823A-A874FCF6B509}"
EndProject
Project("{FAE04EC0-301F-11D3-BF4B-00C04F79EFBC}") = "03.StaticClass", "03.StaticClass\03.StaticClass.csproj", "{B939D9DE-0085-4211-9938-F10F4BECD2EB}"
EndProject
Project("{FAE04EC0-301F-11D3-BF4B-00C04F79EFBC}") = "04.Path", "04.Path\04.Path.csproj", "{48CD79EB-FD7C-4D2F-A453-FF1D3BBF23F6}"
EndProject
Project("{FAE04EC0-301F-11D3-BF4B-00C04F79EFBC}") = "05.GenericClass", "05.GenericClass\05.GenericClass.csproj", "{D75E15C8-0DC4-4633-9CBD-FEA424B8A3DC}"
EndProject
Project("{FAE04EC0-301F-11D3-BF4B-00C04F79EFBC}") = "06.AutoGrow", "06.AutoGrow\06.AutoGrow.csproj", "{B5C0F392-8C02-4247-8900-C2C124B94299}"
EndProject
Project("{FAE04EC0-301F-11D3-BF4B-00C04F79EFBC}") = "07.MinAndMax", "07.MinAndMax\07.MinAndMax.csproj", "{D1843046-21A4-44B7-880F-778AF5B638A1}"
EndProject
Project("{FAE04EC0-301F-11D3-BF4B-00C04F79EFBC}") = "08.Matrix", "08.Matrix\08.Matrix.csproj", "{8D516C0A-4858-4BBA-A560-6C14EC46A2BC}"
EndProject
Project("{FAE04EC0-301F-11D3-BF4B-00C04F79EFBC}") = "09.MatrixIndexer", "09.MatrixIndexer\09.MatrixIndexer.csproj", "{74570A5C-F2A2-47A1-B12A-0F701C521AED}"
EndProject
Project("{FAE04EC0-301F-11D3-BF4B-00C04F79EFBC}") = "10.MatrixOperations", "10.MatrixOperations\10.MatrixOperations.csproj", "{287435E4-9AE1-4C09-86D9-A1F71950E22B}"
EndProject
Project("{FAE04EC0-301F-11D3-BF4B-00C04F79EFBC}") = "11.VersionAttribute", "11.VersionAttribute\11.VersionAttribute.csproj", "{1289D9FF-40FB-4779-82AB-6197B570C861}"
EndProject
Global
	GlobalSection(SolutionConfigurationPlatforms) = preSolution
		Debug|Any CPU = Debug|Any CPU
		Release|Any CPU = Release|Any CPU
	EndGlobalSection
	GlobalSection(ProjectConfigurationPlatforms) = postSolution
		{C612D3C1-EA0D-4AF7-8776-EE4134CEB31C}.Debug|Any CPU.ActiveCfg = Debug|Any CPU
		{C612D3C1-EA0D-4AF7-8776-EE4134CEB31C}.Debug|Any CPU.Build.0 = Debug|Any CPU
		{C612D3C1-EA0D-4AF7-8776-EE4134CEB31C}.Release|Any CPU.ActiveCfg = Release|Any CPU
		{C612D3C1-EA0D-4AF7-8776-EE4134CEB31C}.Release|Any CPU.Build.0 = Release|Any CPU
		{A5D3221C-2EFB-469C-823A-A874FCF6B509}.Debug|Any CPU.ActiveCfg = Debug|Any CPU
		{A5D3221C-2EFB-469C-823A-A874FCF6B509}.Debug|Any CPU.Build.0 = Debug|Any CPU
		{A5D3221C-2EFB-469C-823A-A874FCF6B509}.Release|Any CPU.ActiveCfg = Release|Any CPU
		{A5D3221C-2EFB-469C-823A-A874FCF6B509}.Release|Any CPU.Build.0 = Release|Any CPU
		{B939D9DE-0085-4211-9938-F10F4BECD2EB}.Debug|Any CPU.ActiveCfg = Debug|Any CPU
		{B939D9DE-0085-4211-9938-F10F4BECD2EB}.Debug|Any CPU.Build.0 = Debug|Any CPU
		{B939D9DE-0085-4211-9938-F10F4BECD2EB}.Release|Any CPU.ActiveCfg = Release|Any CPU
		{B939D9DE-0085-4211-9938-F10F4BECD2EB}.Release|Any CPU.Build.0 = Release|Any CPU
		{48CD79EB-FD7C-4D2F-A453-FF1D3BBF23F6}.Debug|Any CPU.ActiveCfg = Debug|Any CPU
		{48CD79EB-FD7C-4D2F-A453-FF1D3BBF23F6}.Debug|Any CPU.Build.0 = Debug|Any CPU
		{48CD79EB-FD7C-4D2F-A453-FF1D3BBF23F6}.Release|Any CPU.ActiveCfg = Release|Any CPU
		{48CD79EB-FD7C-4D2F-A453-FF1D3BBF23F6}.Release|Any CPU.Build.0 = Release|Any CPU
		{D75E15C8-0DC4-4633-9CBD-FEA424B8A3DC}.Debug|Any CPU.ActiveCfg = Debug|Any CPU
		{D75E15C8-0DC4-4633-9CBD-FEA424B8A3DC}.Debug|Any CPU.Build.0 = Debug|Any CPU
		{D75E15C8-0DC4-4633-9CBD-FEA424B8A3DC}.Release|Any CPU.ActiveCfg = Release|Any CPU
		{D75E15C8-0DC4-4633-9CBD-FEA424B8A3DC}.Release|Any CPU.Build.0 = Release|Any CPU
		{B5C0F392-8C02-4247-8900-C2C124B94299}.Debug|Any CPU.ActiveCfg = Debug|Any CPU
		{B5C0F392-8C02-4247-8900-C2C124B94299}.Debug|Any CPU.Build.0 = Debug|Any CPU
		{B5C0F392-8C02-4247-8900-C2C124B94299}.Release|Any CPU.ActiveCfg = Release|Any CPU
		{B5C0F392-8C02-4247-8900-C2C124B94299}.Release|Any CPU.Build.0 = Release|Any CPU
		{D1843046-21A4-44B7-880F-778AF5B638A1}.Debug|Any CPU.ActiveCfg = Debug|Any CPU
		{D1843046-21A4-44B7-880F-778AF5B638A1}.Debug|Any CPU.Build.0 = Debug|Any CPU
		{D1843046-21A4-44B7-880F-778AF5B638A1}.Release|Any CPU.ActiveCfg = Release|Any CPU
		{D1843046-21A4-44B7-880F-778AF5B638A1}.Release|Any CPU.Build.0 = Release|Any CPU
		{8D516C0A-4858-4BBA-A560-6C14EC46A2BC}.Debug|Any CPU.ActiveCfg = Debug|Any CPU
		{8D516C0A-4858-4BBA-A560-6C14EC46A2BC}.Debug|Any CPU.Build.0 = Debug|Any CPU
		{8D516C0A-4858-4BBA-A560-6C14EC46A2BC}.Release|Any CPU.ActiveCfg = Release|Any CPU
		{8D516C0A-4858-4BBA-A560-6C14EC46A2BC}.Release|Any CPU.Build.0 = Release|Any CPU
		{74570A5C-F2A2-47A1-B12A-0F701C521AED}.Debug|Any CPU.ActiveCfg = Debug|Any CPU
		{74570A5C-F2A2-47A1-B12A-0F701C521AED}.Debug|Any CPU.Build.0 = Debug|Any CPU
		{74570A5C-F2A2-47A1-B12A-0F701C521AED}.Release|Any CPU.ActiveCfg = Release|Any CPU
		{74570A5C-F2A2-47A1-B12A-0F701C521AED}.Release|Any CPU.Build.0 = Release|Any CPU
		{287435E4-9AE1-4C09-86D9-A1F71950E22B}.Debug|Any CPU.ActiveCfg = Debug|Any CPU
		{287435E4-9AE1-4C09-86D9-A1F71950E22B}.Debug|Any CPU.Build.0 = Debug|Any CPU
		{287435E4-9AE1-4C09-86D9-A1F71950E22B}.Release|Any CPU.ActiveCfg = Release|Any CPU
		{287435E4-9AE1-4C09-86D9-A1F71950E22B}.Release|Any CPU.Build.0 = Release|Any CPU
		{1289D9FF-40FB-4779-82AB-6197B570C861}.Debug|Any CPU.ActiveCfg = Debug|Any CPU
		{1289D9FF-40FB-4779-82AB-6197B570C861}.Debug|Any CPU.Build.0 = Debug|Any CPU
		{1289D9FF-40FB-4779-82AB-6197B570C861}.Release|Any CPU.ActiveCfg = Release|Any CPU
		{1289D9FF-40FB-4779-82AB-6197B570C861}.Release|Any CPU.Build.0 = Release|Any CPU
	EndGlobalSection
	GlobalSection(SolutionProperties) = preSolution
		HideSolutionNode = FALSE
	EndGlobalSection
EndGlobal
