
Microsoft Visual Studio Solution File, Format Version 12.00
# Visual Studio 14
VisualStudioVersion = 14.0.25420.1
MinimumVisualStudioVersion = 10.0.40219.1
Project("{FAE04EC0-301F-11D3-BF4B-00C04F79EFBC}") = "01.DeclareVariables", "CSharp_02_HW_LIA\01.DeclareVariables.csproj", "{E9B2FF93-42F5-41B7-BA2B-7AAA44E79677}"
EndProject
Project("{FAE04EC0-301F-11D3-BF4B-00C04F79EFBC}") = "02.FloatOrDouble", "FloatorDouble\02.FloatOrDouble.csproj", "{DECD3F99-A5FA-4F06-9193-CA859F553A5D}"
EndProject
Project("{FAE04EC0-301F-11D3-BF4B-00C04F79EFBC}") = "03.VariableInHex", "VariableInHex\03.VariableInHex.csproj", "{8B5516F2-63D9-46AB-A157-4581177640F2}"
EndProject
Project("{FAE04EC0-301F-11D3-BF4B-00C04F79EFBC}") = "04.UnicodeCharacter", "04.UnicodeCharacter\04.UnicodeCharacter.csproj", "{B2AF571A-CDAA-45F0-A4A8-22758C2CDD3D}"
EndProject
Project("{FAE04EC0-301F-11D3-BF4B-00C04F79EFBC}") = "05.BooleanVariable", "05.BooleanVariable\05.BooleanVariable.csproj", "{8A6993BE-A5B4-4B4D-8833-F86A98601044}"
EndProject
Project("{FAE04EC0-301F-11D3-BF4B-00C04F79EFBC}") = "06.StringsAndObjects", "06.StringsAndObjects\06.StringsAndObjects.csproj", "{C84A9BB5-175F-4254-A4FC-3F5A6D1A5E08}"
EndProject
Project("{FAE04EC0-301F-11D3-BF4B-00C04F79EFBC}") = "07.QuotesInStrings", "07.QuotesInStrings\07.QuotesInStrings.csproj", "{12B83E96-045E-43A2-8942-AF552F646349}"
EndProject
Project("{FAE04EC0-301F-11D3-BF4B-00C04F79EFBC}") = "08.IsoscelesTriangle", "08.IsoscelesTriangle\08.IsoscelesTriangle.csproj", "{5C2D928D-7A3A-4CBA-A911-E00AE723E65A}"
EndProject
Project("{FAE04EC0-301F-11D3-BF4B-00C04F79EFBC}") = "09.ExchangeVariableValues", "09.ExchangeVariableValues\09.ExchangeVariableValues.csproj", "{672284CE-82D0-4580-BF0A-39239DC7BC69}"
EndProject
Project("{FAE04EC0-301F-11D3-BF4B-00C04F79EFBC}") = "10.EmployeeData", "10.EmployeeData\10.EmployeeData.csproj", "{F61A3588-DC05-4DD1-92D0-A9889E87C953}"
EndProject
Project("{FAE04EC0-301F-11D3-BF4B-00C04F79EFBC}") = "11.BankAccountData", "11.BankAccountData\11.BankAccountData.csproj", "{3B047AD0-EE1B-4CB1-B576-A192E469D254}"
EndProject
Project("{FAE04EC0-301F-11D3-BF4B-00C04F79EFBC}") = "12.NullValuesArithmetic", "12.NullValuesArithmetic\12.NullValuesArithmetic.csproj", "{8B25D517-ED8D-4BFF-81C3-B9F723475CCF}"
EndProject
Project("{FAE04EC0-301F-11D3-BF4B-00C04F79EFBC}") = "13.ComparingFloats", "13.ComparingFloats\13.ComparingFloats.csproj", "{089C4D76-F79D-473F-A3FC-C0DC170AC3BD}"
EndProject
Project("{FAE04EC0-301F-11D3-BF4B-00C04F79EFBC}") = "14.PrintTheASCIITable", "14.PrintTheASCIITable\14.PrintTheASCIITable.csproj", "{840B41C2-8A2B-4096-BCB2-66A5BC8B351E}"
EndProject
Project("{FAE04EC0-301F-11D3-BF4B-00C04F79EFBC}") = "15.ImCool", "im-cool\ConsoleApplication1\15.ImCool.csproj", "{7F2C9ADE-6FCF-46C5-93AB-F59CE46DC235}"
EndProject
Global
	GlobalSection(SolutionConfigurationPlatforms) = preSolution
		Debug|Any CPU = Debug|Any CPU
		Release|Any CPU = Release|Any CPU
	EndGlobalSection
	GlobalSection(ProjectConfigurationPlatforms) = postSolution
		{E9B2FF93-42F5-41B7-BA2B-7AAA44E79677}.Debug|Any CPU.ActiveCfg = Debug|Any CPU
		{E9B2FF93-42F5-41B7-BA2B-7AAA44E79677}.Debug|Any CPU.Build.0 = Debug|Any CPU
		{E9B2FF93-42F5-41B7-BA2B-7AAA44E79677}.Release|Any CPU.ActiveCfg = Release|Any CPU
		{E9B2FF93-42F5-41B7-BA2B-7AAA44E79677}.Release|Any CPU.Build.0 = Release|Any CPU
		{DECD3F99-A5FA-4F06-9193-CA859F553A5D}.Debug|Any CPU.ActiveCfg = Debug|Any CPU
		{DECD3F99-A5FA-4F06-9193-CA859F553A5D}.Debug|Any CPU.Build.0 = Debug|Any CPU
		{DECD3F99-A5FA-4F06-9193-CA859F553A5D}.Release|Any CPU.ActiveCfg = Release|Any CPU
		{DECD3F99-A5FA-4F06-9193-CA859F553A5D}.Release|Any CPU.Build.0 = Release|Any CPU
		{8B5516F2-63D9-46AB-A157-4581177640F2}.Debug|Any CPU.ActiveCfg = Debug|Any CPU
		{8B5516F2-63D9-46AB-A157-4581177640F2}.Debug|Any CPU.Build.0 = Debug|Any CPU
		{8B5516F2-63D9-46AB-A157-4581177640F2}.Release|Any CPU.ActiveCfg = Release|Any CPU
		{8B5516F2-63D9-46AB-A157-4581177640F2}.Release|Any CPU.Build.0 = Release|Any CPU
		{B2AF571A-CDAA-45F0-A4A8-22758C2CDD3D}.Debug|Any CPU.ActiveCfg = Debug|Any CPU
		{B2AF571A-CDAA-45F0-A4A8-22758C2CDD3D}.Debug|Any CPU.Build.0 = Debug|Any CPU
		{B2AF571A-CDAA-45F0-A4A8-22758C2CDD3D}.Release|Any CPU.ActiveCfg = Release|Any CPU
		{B2AF571A-CDAA-45F0-A4A8-22758C2CDD3D}.Release|Any CPU.Build.0 = Release|Any CPU
		{8A6993BE-A5B4-4B4D-8833-F86A98601044}.Debug|Any CPU.ActiveCfg = Debug|Any CPU
		{8A6993BE-A5B4-4B4D-8833-F86A98601044}.Debug|Any CPU.Build.0 = Debug|Any CPU
		{8A6993BE-A5B4-4B4D-8833-F86A98601044}.Release|Any CPU.ActiveCfg = Release|Any CPU
		{8A6993BE-A5B4-4B4D-8833-F86A98601044}.Release|Any CPU.Build.0 = Release|Any CPU
		{C84A9BB5-175F-4254-A4FC-3F5A6D1A5E08}.Debug|Any CPU.ActiveCfg = Debug|Any CPU
		{C84A9BB5-175F-4254-A4FC-3F5A6D1A5E08}.Debug|Any CPU.Build.0 = Debug|Any CPU
		{C84A9BB5-175F-4254-A4FC-3F5A6D1A5E08}.Release|Any CPU.ActiveCfg = Release|Any CPU
		{C84A9BB5-175F-4254-A4FC-3F5A6D1A5E08}.Release|Any CPU.Build.0 = Release|Any CPU
		{12B83E96-045E-43A2-8942-AF552F646349}.Debug|Any CPU.ActiveCfg = Debug|Any CPU
		{12B83E96-045E-43A2-8942-AF552F646349}.Debug|Any CPU.Build.0 = Debug|Any CPU
		{12B83E96-045E-43A2-8942-AF552F646349}.Release|Any CPU.ActiveCfg = Release|Any CPU
		{12B83E96-045E-43A2-8942-AF552F646349}.Release|Any CPU.Build.0 = Release|Any CPU
		{5C2D928D-7A3A-4CBA-A911-E00AE723E65A}.Debug|Any CPU.ActiveCfg = Debug|Any CPU
		{5C2D928D-7A3A-4CBA-A911-E00AE723E65A}.Debug|Any CPU.Build.0 = Debug|Any CPU
		{5C2D928D-7A3A-4CBA-A911-E00AE723E65A}.Release|Any CPU.ActiveCfg = Release|Any CPU
		{5C2D928D-7A3A-4CBA-A911-E00AE723E65A}.Release|Any CPU.Build.0 = Release|Any CPU
		{672284CE-82D0-4580-BF0A-39239DC7BC69}.Debug|Any CPU.ActiveCfg = Debug|Any CPU
		{672284CE-82D0-4580-BF0A-39239DC7BC69}.Debug|Any CPU.Build.0 = Debug|Any CPU
		{672284CE-82D0-4580-BF0A-39239DC7BC69}.Release|Any CPU.ActiveCfg = Release|Any CPU
		{672284CE-82D0-4580-BF0A-39239DC7BC69}.Release|Any CPU.Build.0 = Release|Any CPU
		{F61A3588-DC05-4DD1-92D0-A9889E87C953}.Debug|Any CPU.ActiveCfg = Debug|Any CPU
		{F61A3588-DC05-4DD1-92D0-A9889E87C953}.Debug|Any CPU.Build.0 = Debug|Any CPU
		{F61A3588-DC05-4DD1-92D0-A9889E87C953}.Release|Any CPU.ActiveCfg = Release|Any CPU
		{F61A3588-DC05-4DD1-92D0-A9889E87C953}.Release|Any CPU.Build.0 = Release|Any CPU
		{3B047AD0-EE1B-4CB1-B576-A192E469D254}.Debug|Any CPU.ActiveCfg = Debug|Any CPU
		{3B047AD0-EE1B-4CB1-B576-A192E469D254}.Debug|Any CPU.Build.0 = Debug|Any CPU
		{3B047AD0-EE1B-4CB1-B576-A192E469D254}.Release|Any CPU.ActiveCfg = Release|Any CPU
		{3B047AD0-EE1B-4CB1-B576-A192E469D254}.Release|Any CPU.Build.0 = Release|Any CPU
		{8B25D517-ED8D-4BFF-81C3-B9F723475CCF}.Debug|Any CPU.ActiveCfg = Debug|Any CPU
		{8B25D517-ED8D-4BFF-81C3-B9F723475CCF}.Debug|Any CPU.Build.0 = Debug|Any CPU
		{8B25D517-ED8D-4BFF-81C3-B9F723475CCF}.Release|Any CPU.ActiveCfg = Release|Any CPU
		{8B25D517-ED8D-4BFF-81C3-B9F723475CCF}.Release|Any CPU.Build.0 = Release|Any CPU
		{089C4D76-F79D-473F-A3FC-C0DC170AC3BD}.Debug|Any CPU.ActiveCfg = Debug|Any CPU
		{089C4D76-F79D-473F-A3FC-C0DC170AC3BD}.Debug|Any CPU.Build.0 = Debug|Any CPU
		{089C4D76-F79D-473F-A3FC-C0DC170AC3BD}.Release|Any CPU.ActiveCfg = Release|Any CPU
		{089C4D76-F79D-473F-A3FC-C0DC170AC3BD}.Release|Any CPU.Build.0 = Release|Any CPU
		{840B41C2-8A2B-4096-BCB2-66A5BC8B351E}.Debug|Any CPU.ActiveCfg = Debug|Any CPU
		{840B41C2-8A2B-4096-BCB2-66A5BC8B351E}.Debug|Any CPU.Build.0 = Debug|Any CPU
		{840B41C2-8A2B-4096-BCB2-66A5BC8B351E}.Release|Any CPU.ActiveCfg = Release|Any CPU
		{840B41C2-8A2B-4096-BCB2-66A5BC8B351E}.Release|Any CPU.Build.0 = Release|Any CPU
		{7F2C9ADE-6FCF-46C5-93AB-F59CE46DC235}.Debug|Any CPU.ActiveCfg = Debug|Any CPU
		{7F2C9ADE-6FCF-46C5-93AB-F59CE46DC235}.Debug|Any CPU.Build.0 = Debug|Any CPU
		{7F2C9ADE-6FCF-46C5-93AB-F59CE46DC235}.Release|Any CPU.ActiveCfg = Release|Any CPU
		{7F2C9ADE-6FCF-46C5-93AB-F59CE46DC235}.Release|Any CPU.Build.0 = Release|Any CPU
	EndGlobalSection
	GlobalSection(SolutionProperties) = preSolution
		HideSolutionNode = FALSE
	EndGlobalSection
EndGlobal
