
Microsoft Visual Studio Solution File, Format Version 12.00
# Visual Studio 14
VisualStudioVersion = 14.0.25420.1
MinimumVisualStudioVersion = 10.0.40219.1
Project("{FAE04EC0-301F-11D3-BF4B-00C04F79EFBC}") = "01.ExchangeNumbers", "01.ExchangeNumbers\01.ExchangeNumbers.csproj", "{9A80954D-00E6-495A-8FDF-4428E759E640}"
EndProject
Project("{FAE04EC0-301F-11D3-BF4B-00C04F79EFBC}") = "02.BonusScore", "02.BonusScore\02.BonusScore.csproj", "{35F81A58-32E3-4724-A339-3908EB6E7D64}"
EndProject
Project("{FAE04EC0-301F-11D3-BF4B-00C04F79EFBC}") = "03.PlayCard", "03.PlayCard\03.PlayCard.csproj", "{3A88F34A-157C-4031-B71D-AC9E3B9144A3}"
EndProject
Project("{FAE04EC0-301F-11D3-BF4B-00C04F79EFBC}") = "04.MultiplicationSign", "04.MultiplicationSign\04.MultiplicationSign.csproj", "{78F9447C-013A-424D-8522-4A3670750FE0}"
EndProject
Project("{FAE04EC0-301F-11D3-BF4B-00C04F79EFBC}") = "05.BiggestOfThree", "05.BiggestOfThree\05.BiggestOfThree.csproj", "{D81BFFA0-FA00-49B6-BBE6-9AACF2C9E6E6}"
EndProject
Project("{FAE04EC0-301F-11D3-BF4B-00C04F79EFBC}") = "06.BiggestOfFive", "06.BiggestOfFive\06.BiggestOfFive.csproj", "{7138AD5F-4FAF-4BAC-A054-39DB9C63412E}"
EndProject
Project("{FAE04EC0-301F-11D3-BF4B-00C04F79EFBC}") = "07.SortThreeNumbers", "07.SortThreeNumbers\07.SortThreeNumbers.csproj", "{BBE88446-CC4D-49BB-901E-35823AAFD61D}"
EndProject
Project("{FAE04EC0-301F-11D3-BF4B-00C04F79EFBC}") = "08.DigitAsWord", "DigitAsWord\08.DigitAsWord.csproj", "{FA08989D-BA0E-470B-9C89-1ECA97B07553}"
EndProject
Project("{FAE04EC0-301F-11D3-BF4B-00C04F79EFBC}") = "09.IntDoubleString", "09.IntDoubleString\09.IntDoubleString.csproj", "{698B79B6-7E4C-4E9A-929C-17A4052E4AB1}"
EndProject
Global
	GlobalSection(SolutionConfigurationPlatforms) = preSolution
		Debug|Any CPU = Debug|Any CPU
		Release|Any CPU = Release|Any CPU
	EndGlobalSection
	GlobalSection(ProjectConfigurationPlatforms) = postSolution
		{9A80954D-00E6-495A-8FDF-4428E759E640}.Debug|Any CPU.ActiveCfg = Debug|Any CPU
		{9A80954D-00E6-495A-8FDF-4428E759E640}.Debug|Any CPU.Build.0 = Debug|Any CPU
		{9A80954D-00E6-495A-8FDF-4428E759E640}.Release|Any CPU.ActiveCfg = Release|Any CPU
		{9A80954D-00E6-495A-8FDF-4428E759E640}.Release|Any CPU.Build.0 = Release|Any CPU
		{35F81A58-32E3-4724-A339-3908EB6E7D64}.Debug|Any CPU.ActiveCfg = Debug|Any CPU
		{35F81A58-32E3-4724-A339-3908EB6E7D64}.Debug|Any CPU.Build.0 = Debug|Any CPU
		{35F81A58-32E3-4724-A339-3908EB6E7D64}.Release|Any CPU.ActiveCfg = Release|Any CPU
		{35F81A58-32E3-4724-A339-3908EB6E7D64}.Release|Any CPU.Build.0 = Release|Any CPU
		{3A88F34A-157C-4031-B71D-AC9E3B9144A3}.Debug|Any CPU.ActiveCfg = Debug|Any CPU
		{3A88F34A-157C-4031-B71D-AC9E3B9144A3}.Debug|Any CPU.Build.0 = Debug|Any CPU
		{3A88F34A-157C-4031-B71D-AC9E3B9144A3}.Release|Any CPU.ActiveCfg = Release|Any CPU
		{3A88F34A-157C-4031-B71D-AC9E3B9144A3}.Release|Any CPU.Build.0 = Release|Any CPU
		{78F9447C-013A-424D-8522-4A3670750FE0}.Debug|Any CPU.ActiveCfg = Debug|Any CPU
		{78F9447C-013A-424D-8522-4A3670750FE0}.Debug|Any CPU.Build.0 = Debug|Any CPU
		{78F9447C-013A-424D-8522-4A3670750FE0}.Release|Any CPU.ActiveCfg = Release|Any CPU
		{78F9447C-013A-424D-8522-4A3670750FE0}.Release|Any CPU.Build.0 = Release|Any CPU
		{D81BFFA0-FA00-49B6-BBE6-9AACF2C9E6E6}.Debug|Any CPU.ActiveCfg = Debug|Any CPU
		{D81BFFA0-FA00-49B6-BBE6-9AACF2C9E6E6}.Debug|Any CPU.Build.0 = Debug|Any CPU
		{D81BFFA0-FA00-49B6-BBE6-9AACF2C9E6E6}.Release|Any CPU.ActiveCfg = Release|Any CPU
		{D81BFFA0-FA00-49B6-BBE6-9AACF2C9E6E6}.Release|Any CPU.Build.0 = Release|Any CPU
		{7138AD5F-4FAF-4BAC-A054-39DB9C63412E}.Debug|Any CPU.ActiveCfg = Debug|Any CPU
		{7138AD5F-4FAF-4BAC-A054-39DB9C63412E}.Debug|Any CPU.Build.0 = Debug|Any CPU
		{7138AD5F-4FAF-4BAC-A054-39DB9C63412E}.Release|Any CPU.ActiveCfg = Release|Any CPU
		{7138AD5F-4FAF-4BAC-A054-39DB9C63412E}.Release|Any CPU.Build.0 = Release|Any CPU
		{BBE88446-CC4D-49BB-901E-35823AAFD61D}.Debug|Any CPU.ActiveCfg = Debug|Any CPU
		{BBE88446-CC4D-49BB-901E-35823AAFD61D}.Debug|Any CPU.Build.0 = Debug|Any CPU
		{BBE88446-CC4D-49BB-901E-35823AAFD61D}.Release|Any CPU.ActiveCfg = Release|Any CPU
		{BBE88446-CC4D-49BB-901E-35823AAFD61D}.Release|Any CPU.Build.0 = Release|Any CPU
		{FA08989D-BA0E-470B-9C89-1ECA97B07553}.Debug|Any CPU.ActiveCfg = Debug|Any CPU
		{FA08989D-BA0E-470B-9C89-1ECA97B07553}.Debug|Any CPU.Build.0 = Debug|Any CPU
		{FA08989D-BA0E-470B-9C89-1ECA97B07553}.Release|Any CPU.ActiveCfg = Release|Any CPU
		{FA08989D-BA0E-470B-9C89-1ECA97B07553}.Release|Any CPU.Build.0 = Release|Any CPU
		{698B79B6-7E4C-4E9A-929C-17A4052E4AB1}.Debug|Any CPU.ActiveCfg = Debug|Any CPU
		{698B79B6-7E4C-4E9A-929C-17A4052E4AB1}.Debug|Any CPU.Build.0 = Debug|Any CPU
		{698B79B6-7E4C-4E9A-929C-17A4052E4AB1}.Release|Any CPU.ActiveCfg = Release|Any CPU
		{698B79B6-7E4C-4E9A-929C-17A4052E4AB1}.Release|Any CPU.Build.0 = Release|Any CPU
	EndGlobalSection
	GlobalSection(SolutionProperties) = preSolution
		HideSolutionNode = FALSE
	EndGlobalSection
EndGlobal
