
Microsoft Visual Studio Solution File, Format Version 12.00
# Visual Studio 14
VisualStudioVersion = 14.0.25420.1
MinimumVisualStudioVersion = 10.0.40219.1
Project("{FAE04EC0-301F-11D3-BF4B-00C04F79EFBC}") = "01.Class Chef", "01.Class Chef\01.Class Chef.csproj", "{32265211-5DAE-4AC5-A87A-BCCC04AF37B1}"
EndProject
Project("{FAE04EC0-301F-11D3-BF4B-00C04F79EFBC}") = "02.Refactor If Statements", "02.Refactor If Statements\02.Refactor If Statements.csproj", "{EA4C07C7-5058-4444-A38A-57E9842FCBC6}"
EndProject
Project("{FAE04EC0-301F-11D3-BF4B-00C04F79EFBC}") = "03.Refactor Loop", "03.Refactor Loop\03.Refactor Loop.csproj", "{9C4FB300-7AF1-4A22-B1CB-120F146BEB28}"
EndProject
Global
	GlobalSection(SolutionConfigurationPlatforms) = preSolution
		Debug|Any CPU = Debug|Any CPU
		Release|Any CPU = Release|Any CPU
	EndGlobalSection
	GlobalSection(ProjectConfigurationPlatforms) = postSolution
		{32265211-5DAE-4AC5-A87A-BCCC04AF37B1}.Debug|Any CPU.ActiveCfg = Debug|Any CPU
		{32265211-5DAE-4AC5-A87A-BCCC04AF37B1}.Debug|Any CPU.Build.0 = Debug|Any CPU
		{32265211-5DAE-4AC5-A87A-BCCC04AF37B1}.Release|Any CPU.ActiveCfg = Release|Any CPU
		{32265211-5DAE-4AC5-A87A-BCCC04AF37B1}.Release|Any CPU.Build.0 = Release|Any CPU
		{EA4C07C7-5058-4444-A38A-57E9842FCBC6}.Debug|Any CPU.ActiveCfg = Debug|Any CPU
		{EA4C07C7-5058-4444-A38A-57E9842FCBC6}.Debug|Any CPU.Build.0 = Debug|Any CPU
		{EA4C07C7-5058-4444-A38A-57E9842FCBC6}.Release|Any CPU.ActiveCfg = Release|Any CPU
		{EA4C07C7-5058-4444-A38A-57E9842FCBC6}.Release|Any CPU.Build.0 = Release|Any CPU
		{9C4FB300-7AF1-4A22-B1CB-120F146BEB28}.Debug|Any CPU.ActiveCfg = Debug|Any CPU
		{9C4FB300-7AF1-4A22-B1CB-120F146BEB28}.Debug|Any CPU.Build.0 = Debug|Any CPU
		{9C4FB300-7AF1-4A22-B1CB-120F146BEB28}.Release|Any CPU.ActiveCfg = Release|Any CPU
		{9C4FB300-7AF1-4A22-B1CB-120F146BEB28}.Release|Any CPU.Build.0 = Release|Any CPU
	EndGlobalSection
	GlobalSection(SolutionProperties) = preSolution
		HideSolutionNode = FALSE
	EndGlobalSection
EndGlobal
